Microsoft Visual Studio Solution File, Format Version 12.00
# Visual Studio Version 17
VisualStudioVersion = 17.5.33414.496
MinimumVisualStudioVersion = 15.0.26124.0
Project("{9A19103F-16F7-4668-BE54-9A1E7A4F7556}") = "WinUICsMarkupExamples", "WinUICsMarkupExamples\WinUICsMarkupExamples.csproj", "{A5B8155A-119F-4794-B551-C6F3CF7E5411}"
EndProject
Project("{9A19103F-16F7-4668-BE54-9A1E7A4F7556}") = "WinUICsMarkupExamples.Mobile", "WinUICsMarkupExamples.Mobile\WinUICsMarkupExamples.Mobile.csproj", "{EEF9923E-3E15-44AF-9F49-548F84D5CFF8}"
EndProject
Project("{9A19103F-16F7-4668-BE54-9A1E7A4F7556}") = "WinUICsMarkupExamples.Wasm", "WinUICsMarkupExamples.Wasm\WinUICsMarkupExamples.Wasm.csproj", "{40EA03F7-8A22-4143-B251-79BAC3EB13D2}"
EndProject
Project("{9A19103F-16F7-4668-BE54-9A1E7A4F7556}") = "WinUICsMarkupExamples.Server", "WinUICsMarkupExamples.Server\WinUICsMarkupExamples.Server.csproj", "{40EA03F7-8A22-1234-B251-79BAC3EB13D2}"
EndProject
Project("{9A19103F-16F7-4668-BE54-9A1E7A4F7556}") = "WinUICsMarkupExamples.Skia.Gtk", "WinUICsMarkupExamples.Skia.Gtk\WinUICsMarkupExamples.Skia.Gtk.csproj", "{A5B8155A-118F-4794-B551-C6F3CF7E5411}"
EndProject
Project("{9A19103F-16F7-4668-BE54-9A1E7A4F7556}") = "WinUICsMarkupExamples.Skia.WPF", "WinUICsMarkupExamples.Skia.WPF\WinUICsMarkupExamples.Skia.WPF.csproj", "{BD9C206D-29CC-42E0-B1EB-5A0186424C44}"
EndProject
Project("{9A19103F-16F7-4668-BE54-9A1E7A4F7556}") = "WinUICsMarkupExamples.Skia.Linux.FrameBuffer", "WinUICsMarkupExamples.Skia.Linux.FrameBuffer\WinUICsMarkupExamples.Skia.Linux.FrameBuffer.csproj", "{761D821E-9905-4444-9ADF-76C995FE5427}"
EndProject
Project("{2150E333-8FDC-42A3-9474-1A3956D46DE8}") = "Head", "Head", "{3ABCBC46-CFCA-45EA-A172-D4C1EBCDA6F9}"
EndProject
Project("{2150E333-8FDC-42A3-9474-1A3956D46DE8}") = "Solution Items", "Solution Items", "{4867196F-51DF-4BB1-B474-4E4CECFADD28}"
	ProjectSection(SolutionItems) = preProject
		New-View.ps1 = New-View.ps1
	EndProjectSection
EndProject
Project("{9A19103F-16F7-4668-BE54-9A1E7A4F7556}") = "WinUICsMarkupExamples.Windows", "WinUICsMarkupExamples.Windows\WinUICsMarkupExamples.Windows.csproj", "{001C60EF-602C-4E6E-8191-468C321A41D4}"
EndProject
Global
	GlobalSection(SolutionConfigurationPlatforms) = preSolution
		Debug|Any CPU = Debug|Any CPU
		Debug|ARM = Debug|ARM
		Debug|ARM64 = Debug|ARM64
		Debug|iPhone = Debug|iPhone
		Debug|iPhoneSimulator = Debug|iPhoneSimulator
		Debug|x64 = Debug|x64
		Debug|x86 = Debug|x86
		Release|Any CPU = Release|Any CPU
		Release|ARM = Release|ARM
		Release|ARM64 = Release|ARM64
		Release|iPhone = Release|iPhone
		Release|iPhoneSimulator = Release|iPhoneSimulator
		Release|x64 = Release|x64
		Release|x86 = Release|x86
	EndGlobalSection
	GlobalSection(ProjectConfigurationPlatforms) = postSolution
		{A5B8155A-119F-4794-B551-C6F3CF7E5411}.Debug|Any CPU.ActiveCfg = Debug|Any CPU
		{A5B8155A-119F-4794-B551-C6F3CF7E5411}.Debug|Any CPU.Build.0 = Debug|Any CPU
		{A5B8155A-119F-4794-B551-C6F3CF7E5411}.Debug|ARM.ActiveCfg = Debug|Any CPU
		{A5B8155A-119F-4794-B551-C6F3CF7E5411}.Debug|ARM.Build.0 = Debug|Any CPU
		{A5B8155A-119F-4794-B551-C6F3CF7E5411}.Debug|ARM64.ActiveCfg = Debug|Any CPU
		{A5B8155A-119F-4794-B551-C6F3CF7E5411}.Debug|ARM64.Build.0 = Debug|Any CPU
		{A5B8155A-119F-4794-B551-C6F3CF7E5411}.Debug|iPhone.ActiveCfg = Debug|Any CPU
		{A5B8155A-119F-4794-B551-C6F3CF7E5411}.Debug|iPhone.Build.0 = Debug|Any CPU
		{A5B8155A-119F-4794-B551-C6F3CF7E5411}.Debug|iPhoneSimulator.ActiveCfg = Debug|Any CPU
		{A5B8155A-119F-4794-B551-C6F3CF7E5411}.Debug|iPhoneSimulator.Build.0 = Debug|Any CPU
		{A5B8155A-119F-4794-B551-C6F3CF7E5411}.Debug|x64.ActiveCfg = Debug|Any CPU
		{A5B8155A-119F-4794-B551-C6F3CF7E5411}.Debug|x64.Build.0 = Debug|Any CPU
		{A5B8155A-119F-4794-B551-C6F3CF7E5411}.Debug|x86.ActiveCfg = Debug|Any CPU
		{A5B8155A-119F-4794-B551-C6F3CF7E5411}.Debug|x86.Build.0 = Debug|Any CPU
		{A5B8155A-119F-4794-B551-C6F3CF7E5411}.Release|Any CPU.ActiveCfg = Release|Any CPU
		{A5B8155A-119F-4794-B551-C6F3CF7E5411}.Release|Any CPU.Build.0 = Release|Any CPU
		{A5B8155A-119F-4794-B551-C6F3CF7E5411}.Release|ARM.ActiveCfg = Release|Any CPU
		{A5B8155A-119F-4794-B551-C6F3CF7E5411}.Release|ARM.Build.0 = Release|Any CPU
		{A5B8155A-119F-4794-B551-C6F3CF7E5411}.Release|ARM64.ActiveCfg = Release|Any CPU
		{A5B8155A-119F-4794-B551-C6F3CF7E5411}.Release|ARM64.Build.0 = Release|Any CPU
		{A5B8155A-119F-4794-B551-C6F3CF7E5411}.Release|iPhone.ActiveCfg = Release|Any CPU
		{A5B8155A-119F-4794-B551-C6F3CF7E5411}.Release|iPhone.Build.0 = Release|Any CPU
		{A5B8155A-119F-4794-B551-C6F3CF7E5411}.Release|iPhoneSimulator.ActiveCfg = Release|Any CPU
		{A5B8155A-119F-4794-B551-C6F3CF7E5411}.Release|iPhoneSimulator.Build.0 = Release|Any CPU
		{A5B8155A-119F-4794-B551-C6F3CF7E5411}.Release|x64.ActiveCfg = Release|Any CPU
		{A5B8155A-119F-4794-B551-C6F3CF7E5411}.Release|x64.Build.0 = Release|Any CPU
		{A5B8155A-119F-4794-B551-C6F3CF7E5411}.Release|x86.ActiveCfg = Release|Any CPU
		{A5B8155A-119F-4794-B551-C6F3CF7E5411}.Release|x86.Build.0 = Release|Any CPU
		{EEF9923E-3E15-44AF-9F49-548F84D5CFF8}.Debug|Any CPU.ActiveCfg = Debug|Any CPU
		{EEF9923E-3E15-44AF-9F49-548F84D5CFF8}.Debug|Any CPU.Build.0 = Debug|Any CPU
		{EEF9923E-3E15-44AF-9F49-548F84D5CFF8}.Debug|Any CPU.Deploy.0 = Debug|Any CPU
		{EEF9923E-3E15-44AF-9F49-548F84D5CFF8}.Debug|ARM.ActiveCfg = Debug|Any CPU
		{EEF9923E-3E15-44AF-9F49-548F84D5CFF8}.Debug|ARM.Build.0 = Debug|Any CPU
		{EEF9923E-3E15-44AF-9F49-548F84D5CFF8}.Debug|ARM.Deploy.0 = Debug|Any CPU
		{EEF9923E-3E15-44AF-9F49-548F84D5CFF8}.Debug|ARM64.ActiveCfg = Debug|Any CPU
		{EEF9923E-3E15-44AF-9F49-548F84D5CFF8}.Debug|ARM64.Build.0 = Debug|Any CPU
		{EEF9923E-3E15-44AF-9F49-548F84D5CFF8}.Debug|ARM64.Deploy.0 = Debug|Any CPU
		{EEF9923E-3E15-44AF-9F49-548F84D5CFF8}.Debug|iPhone.ActiveCfg = Debug|Any CPU
		{EEF9923E-3E15-44AF-9F49-548F84D5CFF8}.Debug|iPhone.Build.0 = Debug|Any CPU
		{EEF9923E-3E15-44AF-9F49-548F84D5CFF8}.Debug|iPhone.Deploy.0 = Debug|Any CPU
		{EEF9923E-3E15-44AF-9F49-548F84D5CFF8}.Debug|iPhoneSimulator.ActiveCfg = Debug|Any CPU
		{EEF9923E-3E15-44AF-9F49-548F84D5CFF8}.Debug|iPhoneSimulator.Build.0 = Debug|Any CPU
		{EEF9923E-3E15-44AF-9F49-548F84D5CFF8}.Debug|iPhoneSimulator.Deploy.0 = Debug|Any CPU
		{EEF9923E-3E15-44AF-9F49-548F84D5CFF8}.Debug|x64.ActiveCfg = Debug|Any CPU
		{EEF9923E-3E15-44AF-9F49-548F84D5CFF8}.Debug|x64.Build.0 = Debug|Any CPU
		{EEF9923E-3E15-44AF-9F49-548F84D5CFF8}.Debug|x64.Deploy.0 = Debug|Any CPU
		{EEF9923E-3E15-44AF-9F49-548F84D5CFF8}.Debug|x86.ActiveCfg = Debug|Any CPU
		{EEF9923E-3E15-44AF-9F49-548F84D5CFF8}.Debug|x86.Build.0 = Debug|Any CPU
		{EEF9923E-3E15-44AF-9F49-548F84D5CFF8}.Debug|x86.Deploy.0 = Debug|Any CPU
		{EEF9923E-3E15-44AF-9F49-548F84D5CFF8}.Release|Any CPU.ActiveCfg = Release|Any CPU
		{EEF9923E-3E15-44AF-9F49-548F84D5CFF8}.Release|Any CPU.Build.0 = Release|Any CPU
		{EEF9923E-3E15-44AF-9F49-548F84D5CFF8}.Release|Any CPU.Deploy.0 = Release|Any CPU
		{EEF9923E-3E15-44AF-9F49-548F84D5CFF8}.Release|ARM.ActiveCfg = Release|Any CPU
		{EEF9923E-3E15-44AF-9F49-548F84D5CFF8}.Release|ARM.Build.0 = Release|Any CPU
		{EEF9923E-3E15-44AF-9F49-548F84D5CFF8}.Release|ARM.Deploy.0 = Release|Any CPU
		{EEF9923E-3E15-44AF-9F49-548F84D5CFF8}.Release|ARM64.ActiveCfg = Release|Any CPU
		{EEF9923E-3E15-44AF-9F49-548F84D5CFF8}.Release|ARM64.Build.0 = Release|Any CPU
		{EEF9923E-3E15-44AF-9F49-548F84D5CFF8}.Release|ARM64.Deploy.0 = Release|Any CPU
		{EEF9923E-3E15-44AF-9F49-548F84D5CFF8}.Release|iPhone.ActiveCfg = Release|Any CPU
		{EEF9923E-3E15-44AF-9F49-548F84D5CFF8}.Release|iPhone.Build.0 = Release|Any CPU
		{EEF9923E-3E15-44AF-9F49-548F84D5CFF8}.Release|iPhone.Deploy.0 = Release|Any CPU
		{EEF9923E-3E15-44AF-9F49-548F84D5CFF8}.Release|iPhoneSimulator.ActiveCfg = Release|Any CPU
		{EEF9923E-3E15-44AF-9F49-548F84D5CFF8}.Release|iPhoneSimulator.Build.0 = Release|Any CPU
		{EEF9923E-3E15-44AF-9F49-548F84D5CFF8}.Release|iPhoneSimulator.Deploy.0 = Release|Any CPU
		{EEF9923E-3E15-44AF-9F49-548F84D5CFF8}.Release|x64.ActiveCfg = Release|Any CPU
		{EEF9923E-3E15-44AF-9F49-548F84D5CFF8}.Release|x64.Build.0 = Release|Any CPU
		{EEF9923E-3E15-44AF-9F49-548F84D5CFF8}.Release|x64.Deploy.0 = Release|Any CPU
		{EEF9923E-3E15-44AF-9F49-548F84D5CFF8}.Release|x86.ActiveCfg = Release|Any CPU
		{EEF9923E-3E15-44AF-9F49-548F84D5CFF8}.Release|x86.Build.0 = Release|Any CPU
		{EEF9923E-3E15-44AF-9F49-548F84D5CFF8}.Release|x86.Deploy.0 = Release|Any CPU
		{40EA03F7-8A22-4143-B251-79BAC3EB13D2}.Debug|Any CPU.ActiveCfg = Debug|Any CPU
		{40EA03F7-8A22-4143-B251-79BAC3EB13D2}.Debug|Any CPU.Build.0 = Debug|Any CPU
		{40EA03F7-8A22-4143-B251-79BAC3EB13D2}.Debug|ARM.ActiveCfg = Debug|Any CPU
		{40EA03F7-8A22-4143-B251-79BAC3EB13D2}.Debug|ARM.Build.0 = Debug|Any CPU
		{40EA03F7-8A22-4143-B251-79BAC3EB13D2}.Debug|ARM64.ActiveCfg = Debug|Any CPU
		{40EA03F7-8A22-4143-B251-79BAC3EB13D2}.Debug|ARM64.Build.0 = Debug|Any CPU
		{40EA03F7-8A22-4143-B251-79BAC3EB13D2}.Debug|iPhone.ActiveCfg = Debug|Any CPU
		{40EA03F7-8A22-4143-B251-79BAC3EB13D2}.Debug|iPhone.Build.0 = Debug|Any CPU
		{40EA03F7-8A22-4143-B251-79BAC3EB13D2}.Debug|iPhoneSimulator.ActiveCfg = Debug|Any CPU
		{40EA03F7-8A22-4143-B251-79BAC3EB13D2}.Debug|iPhoneSimulator.Build.0 = Debug|Any CPU
		{40EA03F7-8A22-4143-B251-79BAC3EB13D2}.Debug|x64.ActiveCfg = Debug|Any CPU
		{40EA03F7-8A22-4143-B251-79BAC3EB13D2}.Debug|x64.Build.0 = Debug|Any CPU
		{40EA03F7-8A22-4143-B251-79BAC3EB13D2}.Debug|x86.ActiveCfg = Debug|Any CPU
		{40EA03F7-8A22-4143-B251-79BAC3EB13D2}.Debug|x86.Build.0 = Debug|Any CPU
		{40EA03F7-8A22-4143-B251-79BAC3EB13D2}.Release|Any CPU.ActiveCfg = Release|Any CPU
		{40EA03F7-8A22-4143-B251-79BAC3EB13D2}.Release|Any CPU.Build.0 = Release|Any CPU
		{40EA03F7-8A22-4143-B251-79BAC3EB13D2}.Release|ARM.ActiveCfg = Release|Any CPU
		{40EA03F7-8A22-4143-B251-79BAC3EB13D2}.Release|ARM.Build.0 = Release|Any CPU
		{40EA03F7-8A22-4143-B251-79BAC3EB13D2}.Release|ARM64.ActiveCfg = Release|Any CPU
		{40EA03F7-8A22-4143-B251-79BAC3EB13D2}.Release|ARM64.Build.0 = Release|Any CPU
		{40EA03F7-8A22-4143-B251-79BAC3EB13D2}.Release|iPhone.ActiveCfg = Release|Any CPU
		{40EA03F7-8A22-4143-B251-79BAC3EB13D2}.Release|iPhone.Build.0 = Release|Any CPU
		{40EA03F7-8A22-4143-B251-79BAC3EB13D2}.Release|iPhoneSimulator.ActiveCfg = Release|Any CPU
		{40EA03F7-8A22-4143-B251-79BAC3EB13D2}.Release|iPhoneSimulator.Build.0 = Release|Any CPU
		{40EA03F7-8A22-4143-B251-79BAC3EB13D2}.Release|x64.ActiveCfg = Release|Any CPU
		{40EA03F7-8A22-4143-B251-79BAC3EB13D2}.Release|x64.Build.0 = Release|Any CPU
		{40EA03F7-8A22-4143-B251-79BAC3EB13D2}.Release|x86.ActiveCfg = Release|Any CPU
		{40EA03F7-8A22-4143-B251-79BAC3EB13D2}.Release|x86.Build.0 = Release|Any CPU
		{40EA03F7-8A22-1234-B251-79BAC3EB13D2}.Debug|Any CPU.ActiveCfg = Debug|Any CPU
		{40EA03F7-8A22-1234-B251-79BAC3EB13D2}.Debug|Any CPU.Build.0 = Debug|Any CPU
		{40EA03F7-8A22-1234-B251-79BAC3EB13D2}.Debug|ARM.ActiveCfg = Debug|Any CPU
		{40EA03F7-8A22-1234-B251-79BAC3EB13D2}.Debug|ARM.Build.0 = Debug|Any CPU
		{40EA03F7-8A22-1234-B251-79BAC3EB13D2}.Debug|ARM64.ActiveCfg = Debug|Any CPU
		{40EA03F7-8A22-1234-B251-79BAC3EB13D2}.Debug|ARM64.Build.0 = Debug|Any CPU
		{40EA03F7-8A22-1234-B251-79BAC3EB13D2}.Debug|iPhone.ActiveCfg = Debug|Any CPU
		{40EA03F7-8A22-1234-B251-79BAC3EB13D2}.Debug|iPhone.Build.0 = Debug|Any CPU
		{40EA03F7-8A22-1234-B251-79BAC3EB13D2}.Debug|iPhoneSimulator.ActiveCfg = Debug|Any CPU
		{40EA03F7-8A22-1234-B251-79BAC3EB13D2}.Debug|iPhoneSimulator.Build.0 = Debug|Any CPU
		{40EA03F7-8A22-1234-B251-79BAC3EB13D2}.Debug|x64.ActiveCfg = Debug|Any CPU
		{40EA03F7-8A22-1234-B251-79BAC3EB13D2}.Debug|x64.Build.0 = Debug|Any CPU
		{40EA03F7-8A22-1234-B251-79BAC3EB13D2}.Debug|x86.ActiveCfg = Debug|Any CPU
		{40EA03F7-8A22-1234-B251-79BAC3EB13D2}.Debug|x86.Build.0 = Debug|Any CPU
		{40EA03F7-8A22-1234-B251-79BAC3EB13D2}.Release|Any CPU.ActiveCfg = Release|Any CPU
		{40EA03F7-8A22-1234-B251-79BAC3EB13D2}.Release|Any CPU.Build.0 = Release|Any CPU
		{40EA03F7-8A22-1234-B251-79BAC3EB13D2}.Release|ARM.ActiveCfg = Release|Any CPU
		{40EA03F7-8A22-1234-B251-79BAC3EB13D2}.Release|ARM.Build.0 = Release|Any CPU
		{40EA03F7-8A22-1234-B251-79BAC3EB13D2}.Release|ARM64.ActiveCfg = Release|Any CPU
		{40EA03F7-8A22-1234-B251-79BAC3EB13D2}.Release|ARM64.Build.0 = Release|Any CPU
		{40EA03F7-8A22-1234-B251-79BAC3EB13D2}.Release|iPhone.ActiveCfg = Release|Any CPU
		{40EA03F7-8A22-1234-B251-79BAC3EB13D2}.Release|iPhone.Build.0 = Release|Any CPU
		{40EA03F7-8A22-1234-B251-79BAC3EB13D2}.Release|iPhoneSimulator.ActiveCfg = Release|Any CPU
		{40EA03F7-8A22-1234-B251-79BAC3EB13D2}.Release|iPhoneSimulator.Build.0 = Release|Any CPU
		{40EA03F7-8A22-1234-B251-79BAC3EB13D2}.Release|x64.ActiveCfg = Release|Any CPU
		{40EA03F7-8A22-1234-B251-79BAC3EB13D2}.Release|x64.Build.0 = Release|Any CPU
		{40EA03F7-8A22-1234-B251-79BAC3EB13D2}.Release|x86.ActiveCfg = Release|Any CPU
		{40EA03F7-8A22-1234-B251-79BAC3EB13D2}.Release|x86.Build.0 = Release|Any CPU
		{A5B8155A-118F-4794-B551-C6F3CF7E5411}.Debug|Any CPU.ActiveCfg = Debug|Any CPU
		{A5B8155A-118F-4794-B551-C6F3CF7E5411}.Debug|Any CPU.Build.0 = Debug|Any CPU
		{A5B8155A-118F-4794-B551-C6F3CF7E5411}.Debug|ARM.ActiveCfg = Debug|Any CPU
		{A5B8155A-118F-4794-B551-C6F3CF7E5411}.Debug|ARM.Build.0 = Debug|Any CPU
		{A5B8155A-118F-4794-B551-C6F3CF7E5411}.Debug|ARM64.ActiveCfg = Debug|Any CPU
		{A5B8155A-118F-4794-B551-C6F3CF7E5411}.Debug|ARM64.Build.0 = Debug|Any CPU
		{A5B8155A-118F-4794-B551-C6F3CF7E5411}.Debug|iPhone.ActiveCfg = Debug|Any CPU
		{A5B8155A-118F-4794-B551-C6F3CF7E5411}.Debug|iPhone.Build.0 = Debug|Any CPU
		{A5B8155A-118F-4794-B551-C6F3CF7E5411}.Debug|iPhoneSimulator.ActiveCfg = Debug|Any CPU
		{A5B8155A-118F-4794-B551-C6F3CF7E5411}.Debug|iPhoneSimulator.Build.0 = Debug|Any CPU
		{A5B8155A-118F-4794-B551-C6F3CF7E5411}.Debug|x64.ActiveCfg = Debug|Any CPU
		{A5B8155A-118F-4794-B551-C6F3CF7E5411}.Debug|x64.Build.0 = Debug|Any CPU
		{A5B8155A-118F-4794-B551-C6F3CF7E5411}.Debug|x86.ActiveCfg = Debug|Any CPU
		{A5B8155A-118F-4794-B551-C6F3CF7E5411}.Debug|x86.Build.0 = Debug|Any CPU
		{A5B8155A-118F-4794-B551-C6F3CF7E5411}.Release|Any CPU.ActiveCfg = Release|Any CPU
		{A5B8155A-118F-4794-B551-C6F3CF7E5411}.Release|Any CPU.Build.0 = Release|Any CPU
		{A5B8155A-118F-4794-B551-C6F3CF7E5411}.Release|ARM.ActiveCfg = Release|Any CPU
		{A5B8155A-118F-4794-B551-C6F3CF7E5411}.Release|ARM.Build.0 = Release|Any CPU
		{A5B8155A-118F-4794-B551-C6F3CF7E5411}.Release|ARM64.ActiveCfg = Release|Any CPU
		{A5B8155A-118F-4794-B551-C6F3CF7E5411}.Release|ARM64.Build.0 = Release|Any CPU
		{A5B8155A-118F-4794-B551-C6F3CF7E5411}.Release|iPhone.ActiveCfg = Release|Any CPU
		{A5B8155A-118F-4794-B551-C6F3CF7E5411}.Release|iPhone.Build.0 = Release|Any CPU
		{A5B8155A-118F-4794-B551-C6F3CF7E5411}.Release|iPhoneSimulator.ActiveCfg = Release|Any CPU
		{A5B8155A-118F-4794-B551-C6F3CF7E5411}.Release|iPhoneSimulator.Build.0 = Release|Any CPU
		{A5B8155A-118F-4794-B551-C6F3CF7E5411}.Release|x64.ActiveCfg = Release|Any CPU
		{A5B8155A-118F-4794-B551-C6F3CF7E5411}.Release|x64.Build.0 = Release|Any CPU
		{A5B8155A-118F-4794-B551-C6F3CF7E5411}.Release|x86.ActiveCfg = Release|Any CPU
		{A5B8155A-118F-4794-B551-C6F3CF7E5411}.Release|x86.Build.0 = Release|Any CPU
		{BD9C206D-29CC-42E0-B1EB-5A0186424C44}.Debug|Any CPU.ActiveCfg = Debug|Any CPU
		{BD9C206D-29CC-42E0-B1EB-5A0186424C44}.Debug|Any CPU.Build.0 = Debug|Any CPU
		{BD9C206D-29CC-42E0-B1EB-5A0186424C44}.Debug|Any CPU.Deploy.0 = Debug|Any CPU
		{BD9C206D-29CC-42E0-B1EB-5A0186424C44}.Debug|ARM.ActiveCfg = Debug|Any CPU
		{BD9C206D-29CC-42E0-B1EB-5A0186424C44}.Debug|ARM.Build.0 = Debug|Any CPU
		{BD9C206D-29CC-42E0-B1EB-5A0186424C44}.Debug|ARM.Deploy.0 = Debug|Any CPU
		{BD9C206D-29CC-42E0-B1EB-5A0186424C44}.Debug|ARM64.ActiveCfg = Debug|Any CPU
		{BD9C206D-29CC-42E0-B1EB-5A0186424C44}.Debug|ARM64.Build.0 = Debug|Any CPU
		{BD9C206D-29CC-42E0-B1EB-5A0186424C44}.Debug|ARM64.Deploy.0 = Debug|Any CPU
		{BD9C206D-29CC-42E0-B1EB-5A0186424C44}.Debug|iPhone.ActiveCfg = Debug|Any CPU
		{BD9C206D-29CC-42E0-B1EB-5A0186424C44}.Debug|iPhone.Build.0 = Debug|Any CPU
		{BD9C206D-29CC-42E0-B1EB-5A0186424C44}.Debug|iPhone.Deploy.0 = Debug|Any CPU
		{BD9C206D-29CC-42E0-B1EB-5A0186424C44}.Debug|iPhoneSimulator.ActiveCfg = Debug|Any CPU
		{BD9C206D-29CC-42E0-B1EB-5A0186424C44}.Debug|iPhoneSimulator.Build.0 = Debug|Any CPU
		{BD9C206D-29CC-42E0-B1EB-5A0186424C44}.Debug|iPhoneSimulator.Deploy.0 = Debug|Any CPU
		{BD9C206D-29CC-42E0-B1EB-5A0186424C44}.Debug|x64.ActiveCfg = Debug|Any CPU
		{BD9C206D-29CC-42E0-B1EB-5A0186424C44}.Debug|x64.Build.0 = Debug|Any CPU
		{BD9C206D-29CC-42E0-B1EB-5A0186424C44}.Debug|x64.Deploy.0 = Debug|Any CPU
		{BD9C206D-29CC-42E0-B1EB-5A0186424C44}.Debug|x86.ActiveCfg = Debug|Any CPU
		{BD9C206D-29CC-42E0-B1EB-5A0186424C44}.Debug|x86.Build.0 = Debug|Any CPU
		{BD9C206D-29CC-42E0-B1EB-5A0186424C44}.Debug|x86.Deploy.0 = Debug|Any CPU
		{BD9C206D-29CC-42E0-B1EB-5A0186424C44}.Release|Any CPU.ActiveCfg = Release|Any CPU
		{BD9C206D-29CC-42E0-B1EB-5A0186424C44}.Release|Any CPU.Build.0 = Release|Any CPU
		{BD9C206D-29CC-42E0-B1EB-5A0186424C44}.Release|ARM.ActiveCfg = Release|Any CPU
		{BD9C206D-29CC-42E0-B1EB-5A0186424C44}.Release|ARM.Build.0 = Release|Any CPU
		{BD9C206D-29CC-42E0-B1EB-5A0186424C44}.Release|ARM.Deploy.0 = Release|Any CPU
		{BD9C206D-29CC-42E0-B1EB-5A0186424C44}.Release|ARM64.ActiveCfg = Release|Any CPU
		{BD9C206D-29CC-42E0-B1EB-5A0186424C44}.Release|ARM64.Build.0 = Release|Any CPU
		{BD9C206D-29CC-42E0-B1EB-5A0186424C44}.Release|ARM64.Deploy.0 = Release|Any CPU
		{BD9C206D-29CC-42E0-B1EB-5A0186424C44}.Release|iPhone.ActiveCfg = Release|Any CPU
		{BD9C206D-29CC-42E0-B1EB-5A0186424C44}.Release|iPhone.Build.0 = Release|Any CPU
		{BD9C206D-29CC-42E0-B1EB-5A0186424C44}.Release|iPhoneSimulator.ActiveCfg = Release|Any CPU
		{BD9C206D-29CC-42E0-B1EB-5A0186424C44}.Release|iPhoneSimulator.Build.0 = Release|Any CPU
		{BD9C206D-29CC-42E0-B1EB-5A0186424C44}.Release|iPhoneSimulator.Deploy.0 = Release|Any CPU
		{BD9C206D-29CC-42E0-B1EB-5A0186424C44}.Release|x64.ActiveCfg = Release|Any CPU
		{BD9C206D-29CC-42E0-B1EB-5A0186424C44}.Release|x64.Build.0 = Release|Any CPU
		{BD9C206D-29CC-42E0-B1EB-5A0186424C44}.Release|x64.Deploy.0 = Release|Any CPU
		{BD9C206D-29CC-42E0-B1EB-5A0186424C44}.Release|x86.ActiveCfg = Release|Any CPU
		{BD9C206D-29CC-42E0-B1EB-5A0186424C44}.Release|x86.Build.0 = Release|Any CPU
		{BD9C206D-29CC-42E0-B1EB-5A0186424C44}.Release|x86.Deploy.0 = Release|Any CPU
		{761D821E-9905-4444-9ADF-76C995FE5427}.Debug|Any CPU.ActiveCfg = Debug|Any CPU
		{761D821E-9905-4444-9ADF-76C995FE5427}.Debug|Any CPU.Build.0 = Debug|Any CPU
		{761D821E-9905-4444-9ADF-76C995FE5427}.Debug|ARM.ActiveCfg = Debug|Any CPU
		{761D821E-9905-4444-9ADF-76C995FE5427}.Debug|ARM.Build.0 = Debug|Any CPU
		{761D821E-9905-4444-9ADF-76C995FE5427}.Debug|ARM64.ActiveCfg = Debug|Any CPU
		{761D821E-9905-4444-9ADF-76C995FE5427}.Debug|ARM64.Build.0 = Debug|Any CPU
		{761D821E-9905-4444-9ADF-76C995FE5427}.Debug|iPhone.ActiveCfg = Debug|Any CPU
		{761D821E-9905-4444-9ADF-76C995FE5427}.Debug|iPhone.Build.0 = Debug|Any CPU
		{761D821E-9905-4444-9ADF-76C995FE5427}.Debug|iPhoneSimulator.ActiveCfg = Debug|Any CPU
		{761D821E-9905-4444-9ADF-76C995FE5427}.Debug|iPhoneSimulator.Build.0 = Debug|Any CPU
		{761D821E-9905-4444-9ADF-76C995FE5427}.Debug|x64.ActiveCfg = Debug|Any CPU
		{761D821E-9905-4444-9ADF-76C995FE5427}.Debug|x64.Build.0 = Debug|Any CPU
		{761D821E-9905-4444-9ADF-76C995FE5427}.Debug|x86.ActiveCfg = Debug|Any CPU
		{761D821E-9905-4444-9ADF-76C995FE5427}.Debug|x86.Build.0 = Debug|Any CPU
		{761D821E-9905-4444-9ADF-76C995FE5427}.Release|Any CPU.ActiveCfg = Release|Any CPU
		{761D821E-9905-4444-9ADF-76C995FE5427}.Release|Any CPU.Build.0 = Release|Any CPU
		{761D821E-9905-4444-9ADF-76C995FE5427}.Release|ARM.ActiveCfg = Release|Any CPU
		{761D821E-9905-4444-9ADF-76C995FE5427}.Release|ARM.Build.0 = Release|Any CPU
		{761D821E-9905-4444-9ADF-76C995FE5427}.Release|ARM64.ActiveCfg = Release|Any CPU
		{761D821E-9905-4444-9ADF-76C995FE5427}.Release|ARM64.Build.0 = Release|Any CPU
		{761D821E-9905-4444-9ADF-76C995FE5427}.Release|iPhone.ActiveCfg = Release|Any CPU
		{761D821E-9905-4444-9ADF-76C995FE5427}.Release|iPhone.Build.0 = Release|Any CPU
		{761D821E-9905-4444-9ADF-76C995FE5427}.Release|iPhoneSimulator.ActiveCfg = Release|Any CPU
		{761D821E-9905-4444-9ADF-76C995FE5427}.Release|iPhoneSimulator.Build.0 = Release|Any CPU
		{761D821E-9905-4444-9ADF-76C995FE5427}.Release|x64.ActiveCfg = Release|Any CPU
		{761D821E-9905-4444-9ADF-76C995FE5427}.Release|x64.Build.0 = Release|Any CPU
		{761D821E-9905-4444-9ADF-76C995FE5427}.Release|x86.ActiveCfg = Release|Any CPU
		{761D821E-9905-4444-9ADF-76C995FE5427}.Release|x86.Build.0 = Release|Any CPU
		{001C60EF-602C-4E6E-8191-468C321A41D4}.Debug|Any CPU.ActiveCfg = Debug|x64
		{001C60EF-602C-4E6E-8191-468C321A41D4}.Debug|Any CPU.Build.0 = Debug|x64
		{001C60EF-602C-4E6E-8191-468C321A41D4}.Debug|ARM.ActiveCfg = Debug|x64
		{001C60EF-602C-4E6E-8191-468C321A41D4}.Debug|ARM.Build.0 = Debug|x64
		{001C60EF-602C-4E6E-8191-468C321A41D4}.Debug|ARM64.ActiveCfg = Debug|arm64
		{001C60EF-602C-4E6E-8191-468C321A41D4}.Debug|ARM64.Build.0 = Debug|arm64
		{001C60EF-602C-4E6E-8191-468C321A41D4}.Debug|iPhone.ActiveCfg = Debug|x64
		{001C60EF-602C-4E6E-8191-468C321A41D4}.Debug|iPhone.Build.0 = Debug|x64
		{001C60EF-602C-4E6E-8191-468C321A41D4}.Debug|iPhoneSimulator.ActiveCfg = Debug|x64
		{001C60EF-602C-4E6E-8191-468C321A41D4}.Debug|iPhoneSimulator.Build.0 = Debug|x64
		{001C60EF-602C-4E6E-8191-468C321A41D4}.Debug|x64.ActiveCfg = Debug|x64
		{001C60EF-602C-4E6E-8191-468C321A41D4}.Debug|x64.Build.0 = Debug|x64
		{001C60EF-602C-4E6E-8191-468C321A41D4}.Debug|x86.ActiveCfg = Debug|x86
		{001C60EF-602C-4E6E-8191-468C321A41D4}.Debug|x86.Build.0 = Debug|x86
		{001C60EF-602C-4E6E-8191-468C321A41D4}.Release|Any CPU.ActiveCfg = Release|x86
		{001C60EF-602C-4E6E-8191-468C321A41D4}.Release|Any CPU.Build.0 = Release|x86
		{001C60EF-602C-4E6E-8191-468C321A41D4}.Release|ARM.ActiveCfg = Release|x64
		{001C60EF-602C-4E6E-8191-468C321A41D4}.Release|ARM.Build.0 = Release|x64
		{001C60EF-602C-4E6E-8191-468C321A41D4}.Release|ARM64.ActiveCfg = Release|arm64
		{001C60EF-602C-4E6E-8191-468C321A41D4}.Release|ARM64.Build.0 = Release|arm64
		{001C60EF-602C-4E6E-8191-468C321A41D4}.Release|iPhone.ActiveCfg = Release|x64
		{001C60EF-602C-4E6E-8191-468C321A41D4}.Release|iPhone.Build.0 = Release|x64
		{001C60EF-602C-4E6E-8191-468C321A41D4}.Release|iPhoneSimulator.ActiveCfg = Release|x64
		{001C60EF-602C-4E6E-8191-468C321A41D4}.Release|iPhoneSimulator.Build.0 = Release|x64
		{001C60EF-602C-4E6E-8191-468C321A41D4}.Release|x64.ActiveCfg = Release|x64
		{001C60EF-602C-4E6E-8191-468C321A41D4}.Release|x64.Build.0 = Release|x64
		{001C60EF-602C-4E6E-8191-468C321A41D4}.Release|x86.ActiveCfg = Release|x86
		{001C60EF-602C-4E6E-8191-468C321A41D4}.Release|x86.Build.0 = Release|x86
	EndGlobalSection
	GlobalSection(SolutionProperties) = preSolution
		HideSolutionNode = FALSE
	EndGlobalSection
	GlobalSection(NestedProjects) = preSolution
		{EEF9923E-3E15-44AF-9F49-548F84D5CFF8} = {3ABCBC46-CFCA-45EA-A172-D4C1EBCDA6F9}
		{40EA03F7-8A22-4143-B251-79BAC3EB13D2} = {3ABCBC46-CFCA-45EA-A172-D4C1EBCDA6F9}
		{40EA03F7-8A22-1234-B251-79BAC3EB13D2} = {3ABCBC46-CFCA-45EA-A172-D4C1EBCDA6F9}
		{A5B8155A-118F-4794-B551-C6F3CF7E5411} = {3ABCBC46-CFCA-45EA-A172-D4C1EBCDA6F9}
		{BD9C206D-29CC-42E0-B1EB-5A0186424C44} = {3ABCBC46-CFCA-45EA-A172-D4C1EBCDA6F9}
		{761D821E-9905-4444-9ADF-76C995FE5427} = {3ABCBC46-CFCA-45EA-A172-D4C1EBCDA6F9}
		{001C60EF-602C-4E6E-8191-468C321A41D4} = {3ABCBC46-CFCA-45EA-A172-D4C1EBCDA6F9}
	EndGlobalSection
	GlobalSection(ExtensibilityGlobals) = postSolution
		SolutionGuid = {C7433AE2-B1A0-4C1A-887E-5CAA7AAF67A6}
	EndGlobalSection
EndGlobal
